
Microsoft Visual Studio Solution File, Format Version 12.00
# Visual Studio Version 17
VisualStudioVersion = 17.2.32526.322
MinimumVisualStudioVersion = 10.0.40219.1
Project("{9A19103F-16F7-4668-BE54-9A1E7A4F7556}") = "FlightsAPI", "FlightsAPI\FlightsAPI.csproj", "{3E335F20-EFE8-4917-BFFC-C0A365C0DE8A}"
EndProject
Project("{9A19103F-16F7-4668-BE54-9A1E7A4F7556}") = "FlightsAPITests", "FlightsAPITests\FlightsAPITests.csproj", "{4BB7EA5F-DBA3-4B5E-89BA-A99EA0F89BB6}"
EndProject
Project("{2150E333-8FDC-42A3-9474-1A3956D46DE8}") = "src", "src", "{F33DB61C-4296-4FC1-A0C3-840AE732AD9D}"
EndProject
Project("{2150E333-8FDC-42A3-9474-1A3956D46DE8}") = "tests", "tests", "{B932D49D-48D0-4DF8-9B19-9406D8E68E45}"
EndProject
Project("{2150E333-8FDC-42A3-9474-1A3956D46DE8}") = "Presentation", "Presentation", "{8E3A3A0E-9E02-4F0E-9D56-87AA5BBA0D7F}"
EndProject
Project("{2150E333-8FDC-42A3-9474-1A3956D46DE8}") = "Application", "Application", "{C0910612-4713-40F0-935C-60770303F677}"
EndProject
Project("{2150E333-8FDC-42A3-9474-1A3956D46DE8}") = "Domain", "Domain", "{E6B9A058-D03A-4FC2-B06F-1E7BF0E7C4E6}"
EndProject
Project("{9A19103F-16F7-4668-BE54-9A1E7A4F7556}") = "FlightsAPI.Domain", "FlightsAPI.Domain\FlightsAPI.Domain.csproj", "{0C7A25C8-B262-4E93-A9DE-4D4E179A102D}"
EndProject
Project("{2150E333-8FDC-42A3-9474-1A3956D46DE8}") = "Infrastructure", "Infrastructure", "{AAB02D9D-C1DA-4675-BCE3-58B1D4BA4554}"
EndProject
Project("{9A19103F-16F7-4668-BE54-9A1E7A4F7556}") = "FlightsAPI.Infra", "FlightsAPI.Infra\FlightsAPI.Infra.csproj", "{08FAEE47-9FCD-4681-878A-B29EE079A306}"
EndProject
Project("{9A19103F-16F7-4668-BE54-9A1E7A4F7556}") = "FlightsAPI.Application", "FlightsAPI.Application\FlightsAPI.Application.csproj", "{01D3CBA8-1598-4582-9282-BD6F9FDB7D99}"
EndProject
Global
	GlobalSection(SolutionConfigurationPlatforms) = preSolution
		Debug|Any CPU = Debug|Any CPU
		Release|Any CPU = Release|Any CPU
	EndGlobalSection
	GlobalSection(ProjectConfigurationPlatforms) = postSolution
		{3E335F20-EFE8-4917-BFFC-C0A365C0DE8A}.Debug|Any CPU.ActiveCfg = Debug|Any CPU
		{3E335F20-EFE8-4917-BFFC-C0A365C0DE8A}.Debug|Any CPU.Build.0 = Debug|Any CPU
		{3E335F20-EFE8-4917-BFFC-C0A365C0DE8A}.Release|Any CPU.ActiveCfg = Release|Any CPU
		{3E335F20-EFE8-4917-BFFC-C0A365C0DE8A}.Release|Any CPU.Build.0 = Release|Any CPU
		{4BB7EA5F-DBA3-4B5E-89BA-A99EA0F89BB6}.Debug|Any CPU.ActiveCfg = Debug|Any CPU
		{4BB7EA5F-DBA3-4B5E-89BA-A99EA0F89BB6}.Debug|Any CPU.Build.0 = Debug|Any CPU
		{4BB7EA5F-DBA3-4B5E-89BA-A99EA0F89BB6}.Release|Any CPU.ActiveCfg = Release|Any CPU
		{4BB7EA5F-DBA3-4B5E-89BA-A99EA0F89BB6}.Release|Any CPU.Build.0 = Release|Any CPU
		{0C7A25C8-B262-4E93-A9DE-4D4E179A102D}.Debug|Any CPU.ActiveCfg = Debug|Any CPU
		{0C7A25C8-B262-4E93-A9DE-4D4E179A102D}.Debug|Any CPU.Build.0 = Debug|Any CPU
		{0C7A25C8-B262-4E93-A9DE-4D4E179A102D}.Release|Any CPU.ActiveCfg = Release|Any CPU
		{0C7A25C8-B262-4E93-A9DE-4D4E179A102D}.Release|Any CPU.Build.0 = Release|Any CPU
		{08FAEE47-9FCD-4681-878A-B29EE079A306}.Debug|Any CPU.ActiveCfg = Debug|Any CPU
		{08FAEE47-9FCD-4681-878A-B29EE079A306}.Debug|Any CPU.Build.0 = Debug|Any CPU
		{08FAEE47-9FCD-4681-878A-B29EE079A306}.Release|Any CPU.ActiveCfg = Release|Any CPU
		{08FAEE47-9FCD-4681-878A-B29EE079A306}.Release|Any CPU.Build.0 = Release|Any CPU
		{01D3CBA8-1598-4582-9282-BD6F9FDB7D99}.Debug|Any CPU.ActiveCfg = Debug|Any CPU
		{01D3CBA8-1598-4582-9282-BD6F9FDB7D99}.Debug|Any CPU.Build.0 = Debug|Any CPU
		{01D3CBA8-1598-4582-9282-BD6F9FDB7D99}.Release|Any CPU.ActiveCfg = Release|Any CPU
		{01D3CBA8-1598-4582-9282-BD6F9FDB7D99}.Release|Any CPU.Build.0 = Release|Any CPU
	EndGlobalSection
	GlobalSection(SolutionProperties) = preSolution
		HideSolutionNode = FALSE
	EndGlobalSection
	GlobalSection(NestedProjects) = preSolution
		{3E335F20-EFE8-4917-BFFC-C0A365C0DE8A} = {8E3A3A0E-9E02-4F0E-9D56-87AA5BBA0D7F}
		{4BB7EA5F-DBA3-4B5E-89BA-A99EA0F89BB6} = {B932D49D-48D0-4DF8-9B19-9406D8E68E45}
		{8E3A3A0E-9E02-4F0E-9D56-87AA5BBA0D7F} = {F33DB61C-4296-4FC1-A0C3-840AE732AD9D}
		{C0910612-4713-40F0-935C-60770303F677} = {F33DB61C-4296-4FC1-A0C3-840AE732AD9D}
		{E6B9A058-D03A-4FC2-B06F-1E7BF0E7C4E6} = {F33DB61C-4296-4FC1-A0C3-840AE732AD9D}
		{0C7A25C8-B262-4E93-A9DE-4D4E179A102D} = {E6B9A058-D03A-4FC2-B06F-1E7BF0E7C4E6}
		{AAB02D9D-C1DA-4675-BCE3-58B1D4BA4554} = {F33DB61C-4296-4FC1-A0C3-840AE732AD9D}
		{08FAEE47-9FCD-4681-878A-B29EE079A306} = {AAB02D9D-C1DA-4675-BCE3-58B1D4BA4554}
		{01D3CBA8-1598-4582-9282-BD6F9FDB7D99} = {C0910612-4713-40F0-935C-60770303F677}
	EndGlobalSection
	GlobalSection(ExtensibilityGlobals) = postSolution
		SolutionGuid = {A02CA1CA-871D-4A07-9A46-D5A7FDEE75D2}
	EndGlobalSection
EndGlobal
